
Microsoft Visual Studio Solution File, Format Version 12.00
# Visual Studio Version 17
VisualStudioVersion = 17.3.32611.2
MinimumVisualStudioVersion = 10.0.40219.1
Project("{2150E333-8FDC-42A3-9474-1A3956D46DE8}") = "Solution Items", "Solution Items", "{8B070217-D5B1-4B82-800C-74A0ECBD545B}"
	ProjectSection(SolutionItems) = preProject
		.editorconfig = .editorconfig
		global.json = global.json
	EndProjectSection
EndProject
Project("{9A19103F-16F7-4668-BE54-9A1E7A4F7556}") = "Client", "src\Core\Game\Client\Client.csproj", "{4EB86B17-A7A3-4518-8800-850EDDDE62A2}"
EndProject
Project("{2150E333-8FDC-42A3-9474-1A3956D46DE8}") = "src", "src", "{89F7354E-9878-4C1A-8241-87759E580C14}"
EndProject
Project("{2150E333-8FDC-42A3-9474-1A3956D46DE8}") = "Core", "Core", "{5D1A6294-A464-4C7C-868B-4F4119A5B8AE}"
EndProject
Project("{2150E333-8FDC-42A3-9474-1A3956D46DE8}") = "Game", "Game", "{DEDC067F-8CEB-4225-B960-FF52786D0D4D}"
EndProject
Project("{9A19103F-16F7-4668-BE54-9A1E7A4F7556}") = "Client.Utilities", "src\Core\Game\Client.Utilities\Client.Utilities.csproj", "{427BC7CD-604A-46D0-8E63-E2F376E5E04F}"
EndProject
Project("{9A19103F-16F7-4668-BE54-9A1E7A4F7556}") = "Client.UserControls", "src\Core\Game\Client.UserControls\Client.UserControls.csproj", "{0F02195D-6841-43F9-BE65-F0ADACBC213B}"
EndProject
Project("{9A19103F-16F7-4668-BE54-9A1E7A4F7556}") = "Client.Scenes", "src\Core\Game\Client.Scenes\Client.Scenes.csproj", "{1DCF68DC-A9A1-4D91-AFFB-F124B98574AB}"
EndProject
Project("{9A19103F-16F7-4668-BE54-9A1E7A4F7556}") = "Client.Resources.Sounds", "src\Core\Game\Client.Resources.Sounds\Client.Resources.Sounds.csproj", "{4E0B6EB6-417C-4A9B-BB34-DE1C9568BB61}"
EndProject
Project("{9A19103F-16F7-4668-BE54-9A1E7A4F7556}") = "Client.Graphics", "src\Core\Game\Client.Graphics\Client.Graphics.csproj", "{05D84B4E-09A8-4EC8-89CF-6B44B21D0CB3}"
EndProject
Project("{9A19103F-16F7-4668-BE54-9A1E7A4F7556}") = "Client.Core", "src\Core\Game\Client.Core\Client.Core.csproj", "{FB7A26A3-17F8-4C7B-959D-F9B3C52DB168}"
EndProject
Project("{2150E333-8FDC-42A3-9474-1A3956D46DE8}") = "Shared", "Shared", "{3BA358C7-6799-4FAF-9227-07AA9B1DFC98}"
EndProject
Project("{9A19103F-16F7-4668-BE54-9A1E7A4F7556}") = "Shared.Packets", "src\Shared\Shared.Packets\Shared.Packets.csproj", "{A71E7E17-9ED8-4C0E-B307-F9279DB11F7F}"
EndProject
Project("{2150E333-8FDC-42A3-9474-1A3956D46DE8}") = "Persistance", "Persistance", "{F0D50095-6546-498D-9D62-9646EAC6C94A}"
EndProject
Project("{9A19103F-16F7-4668-BE54-9A1E7A4F7556}") = "Persistance.Database", "src\Persistance\Persistance.DatabaseAccess\Persistance.Database.csproj", "{7462E02A-4CC9-4D8A-A6FD-30B824ABCEE0}"
EndProject
Project("{2150E333-8FDC-42A3-9474-1A3956D46DE8}") = "Infrastructure", "Infrastructure", "{67188018-5A38-44CE-8768-EB5F9C9BF58A}"
EndProject
Project("{2150E333-8FDC-42A3-9474-1A3956D46DE8}") = "Server", "Server", "{5B6D309A-1E09-48D4-86D0-F9048A546947}"
EndProject
Project("{9A19103F-16F7-4668-BE54-9A1E7A4F7556}") = "Server", "src\Core\Server\Server\Server.csproj", "{032739A8-B61A-400C-B116-31922E8D0C83}"
EndProject
Project("{9A19103F-16F7-4668-BE54-9A1E7A4F7556}") = "Shared", "src\Shared\Shared\Shared.csproj", "{A052BE88-738B-4965-8677-92E9CA491517}"
EndProject
Project("{FAE04EC0-301F-11D3-BF4B-00C04F79EFBC}") = "Persistance.Domain", "Persistance.DbModels\Persistance.Domain.csproj", "{AE9B007F-392E-405D-97E9-AFE04C960C7E}"
EndProject
Global
	GlobalSection(SolutionConfigurationPlatforms) = preSolution
		Debug|Any CPU = Debug|Any CPU
		Release|Any CPU = Release|Any CPU
	EndGlobalSection
	GlobalSection(ProjectConfigurationPlatforms) = postSolution
		{4EB86B17-A7A3-4518-8800-850EDDDE62A2}.Debug|Any CPU.ActiveCfg = Debug|Any CPU
		{4EB86B17-A7A3-4518-8800-850EDDDE62A2}.Debug|Any CPU.Build.0 = Debug|Any CPU
		{4EB86B17-A7A3-4518-8800-850EDDDE62A2}.Release|Any CPU.ActiveCfg = Release|Any CPU
		{4EB86B17-A7A3-4518-8800-850EDDDE62A2}.Release|Any CPU.Build.0 = Release|Any CPU
		{427BC7CD-604A-46D0-8E63-E2F376E5E04F}.Debug|Any CPU.ActiveCfg = Debug|Any CPU
		{427BC7CD-604A-46D0-8E63-E2F376E5E04F}.Debug|Any CPU.Build.0 = Debug|Any CPU
		{427BC7CD-604A-46D0-8E63-E2F376E5E04F}.Release|Any CPU.ActiveCfg = Release|Any CPU
		{427BC7CD-604A-46D0-8E63-E2F376E5E04F}.Release|Any CPU.Build.0 = Release|Any CPU
		{0F02195D-6841-43F9-BE65-F0ADACBC213B}.Debug|Any CPU.ActiveCfg = Debug|Any CPU
		{0F02195D-6841-43F9-BE65-F0ADACBC213B}.Debug|Any CPU.Build.0 = Debug|Any CPU
		{0F02195D-6841-43F9-BE65-F0ADACBC213B}.Release|Any CPU.ActiveCfg = Release|Any CPU
		{0F02195D-6841-43F9-BE65-F0ADACBC213B}.Release|Any CPU.Build.0 = Release|Any CPU
		{1DCF68DC-A9A1-4D91-AFFB-F124B98574AB}.Debug|Any CPU.ActiveCfg = Debug|Any CPU
		{1DCF68DC-A9A1-4D91-AFFB-F124B98574AB}.Debug|Any CPU.Build.0 = Debug|Any CPU
		{1DCF68DC-A9A1-4D91-AFFB-F124B98574AB}.Release|Any CPU.ActiveCfg = Release|Any CPU
		{1DCF68DC-A9A1-4D91-AFFB-F124B98574AB}.Release|Any CPU.Build.0 = Release|Any CPU
		{4E0B6EB6-417C-4A9B-BB34-DE1C9568BB61}.Debug|Any CPU.ActiveCfg = Debug|Any CPU
		{4E0B6EB6-417C-4A9B-BB34-DE1C9568BB61}.Debug|Any CPU.Build.0 = Debug|Any CPU
		{4E0B6EB6-417C-4A9B-BB34-DE1C9568BB61}.Release|Any CPU.ActiveCfg = Release|Any CPU
		{4E0B6EB6-417C-4A9B-BB34-DE1C9568BB61}.Release|Any CPU.Build.0 = Release|Any CPU
		{05D84B4E-09A8-4EC8-89CF-6B44B21D0CB3}.Debug|Any CPU.ActiveCfg = Debug|Any CPU
		{05D84B4E-09A8-4EC8-89CF-6B44B21D0CB3}.Debug|Any CPU.Build.0 = Debug|Any CPU
		{05D84B4E-09A8-4EC8-89CF-6B44B21D0CB3}.Release|Any CPU.ActiveCfg = Release|Any CPU
		{05D84B4E-09A8-4EC8-89CF-6B44B21D0CB3}.Release|Any CPU.Build.0 = Release|Any CPU
		{FB7A26A3-17F8-4C7B-959D-F9B3C52DB168}.Debug|Any CPU.ActiveCfg = Debug|Any CPU
		{FB7A26A3-17F8-4C7B-959D-F9B3C52DB168}.Debug|Any CPU.Build.0 = Debug|Any CPU
		{FB7A26A3-17F8-4C7B-959D-F9B3C52DB168}.Release|Any CPU.ActiveCfg = Release|Any CPU
		{FB7A26A3-17F8-4C7B-959D-F9B3C52DB168}.Release|Any CPU.Build.0 = Release|Any CPU
		{A71E7E17-9ED8-4C0E-B307-F9279DB11F7F}.Debug|Any CPU.ActiveCfg = Debug|Any CPU
		{A71E7E17-9ED8-4C0E-B307-F9279DB11F7F}.Debug|Any CPU.Build.0 = Debug|Any CPU
		{A71E7E17-9ED8-4C0E-B307-F9279DB11F7F}.Release|Any CPU.ActiveCfg = Release|Any CPU
		{A71E7E17-9ED8-4C0E-B307-F9279DB11F7F}.Release|Any CPU.Build.0 = Release|Any CPU
		{7462E02A-4CC9-4D8A-A6FD-30B824ABCEE0}.Debug|Any CPU.ActiveCfg = Debug|Any CPU
		{7462E02A-4CC9-4D8A-A6FD-30B824ABCEE0}.Debug|Any CPU.Build.0 = Debug|Any CPU
		{7462E02A-4CC9-4D8A-A6FD-30B824ABCEE0}.Release|Any CPU.ActiveCfg = Release|Any CPU
		{7462E02A-4CC9-4D8A-A6FD-30B824ABCEE0}.Release|Any CPU.Build.0 = Release|Any CPU
		{032739A8-B61A-400C-B116-31922E8D0C83}.Debug|Any CPU.ActiveCfg = Debug|Any CPU
		{032739A8-B61A-400C-B116-31922E8D0C83}.Debug|Any CPU.Build.0 = Debug|Any CPU
		{032739A8-B61A-400C-B116-31922E8D0C83}.Release|Any CPU.ActiveCfg = Release|Any CPU
		{032739A8-B61A-400C-B116-31922E8D0C83}.Release|Any CPU.Build.0 = Release|Any CPU
		{A052BE88-738B-4965-8677-92E9CA491517}.Debug|Any CPU.ActiveCfg = Debug|Any CPU
		{A052BE88-738B-4965-8677-92E9CA491517}.Debug|Any CPU.Build.0 = Debug|Any CPU
		{A052BE88-738B-4965-8677-92E9CA491517}.Release|Any CPU.ActiveCfg = Release|Any CPU
		{A052BE88-738B-4965-8677-92E9CA491517}.Release|Any CPU.Build.0 = Release|Any CPU
		{AE9B007F-392E-405D-97E9-AFE04C960C7E}.Debug|Any CPU.ActiveCfg = Debug|Any CPU
		{AE9B007F-392E-405D-97E9-AFE04C960C7E}.Debug|Any CPU.Build.0 = Debug|Any CPU
		{AE9B007F-392E-405D-97E9-AFE04C960C7E}.Release|Any CPU.ActiveCfg = Release|Any CPU
		{AE9B007F-392E-405D-97E9-AFE04C960C7E}.Release|Any CPU.Build.0 = Release|Any CPU
	EndGlobalSection
	GlobalSection(SolutionProperties) = preSolution
		HideSolutionNode = FALSE
	EndGlobalSection
	GlobalSection(NestedProjects) = preSolution
		{4EB86B17-A7A3-4518-8800-850EDDDE62A2} = {DEDC067F-8CEB-4225-B960-FF52786D0D4D}
		{5D1A6294-A464-4C7C-868B-4F4119A5B8AE} = {89F7354E-9878-4C1A-8241-87759E580C14}
		{DEDC067F-8CEB-4225-B960-FF52786D0D4D} = {5D1A6294-A464-4C7C-868B-4F4119A5B8AE}
		{427BC7CD-604A-46D0-8E63-E2F376E5E04F} = {DEDC067F-8CEB-4225-B960-FF52786D0D4D}
		{0F02195D-6841-43F9-BE65-F0ADACBC213B} = {DEDC067F-8CEB-4225-B960-FF52786D0D4D}
		{1DCF68DC-A9A1-4D91-AFFB-F124B98574AB} = {DEDC067F-8CEB-4225-B960-FF52786D0D4D}
		{4E0B6EB6-417C-4A9B-BB34-DE1C9568BB61} = {DEDC067F-8CEB-4225-B960-FF52786D0D4D}
		{05D84B4E-09A8-4EC8-89CF-6B44B21D0CB3} = {DEDC067F-8CEB-4225-B960-FF52786D0D4D}
		{FB7A26A3-17F8-4C7B-959D-F9B3C52DB168} = {DEDC067F-8CEB-4225-B960-FF52786D0D4D}
		{3BA358C7-6799-4FAF-9227-07AA9B1DFC98} = {89F7354E-9878-4C1A-8241-87759E580C14}
		{A71E7E17-9ED8-4C0E-B307-F9279DB11F7F} = {3BA358C7-6799-4FAF-9227-07AA9B1DFC98}
		{F0D50095-6546-498D-9D62-9646EAC6C94A} = {89F7354E-9878-4C1A-8241-87759E580C14}
		{7462E02A-4CC9-4D8A-A6FD-30B824ABCEE0} = {F0D50095-6546-498D-9D62-9646EAC6C94A}
		{67188018-5A38-44CE-8768-EB5F9C9BF58A} = {89F7354E-9878-4C1A-8241-87759E580C14}
		{5B6D309A-1E09-48D4-86D0-F9048A546947} = {5D1A6294-A464-4C7C-868B-4F4119A5B8AE}
		{032739A8-B61A-400C-B116-31922E8D0C83} = {5B6D309A-1E09-48D4-86D0-F9048A546947}
		{A052BE88-738B-4965-8677-92E9CA491517} = {3BA358C7-6799-4FAF-9227-07AA9B1DFC98}
		{AE9B007F-392E-405D-97E9-AFE04C960C7E} = {F0D50095-6546-498D-9D62-9646EAC6C94A}
	EndGlobalSection
	GlobalSection(ExtensibilityGlobals) = postSolution
		SolutionGuid = {92FEF176-BCFA-41A5-A682-BDD203EADC8D}
	EndGlobalSection
EndGlobal
