Microsoft Visual Studio Solution File, Format Version 12.00
# Visual Studio Version 17
VisualStudioVersion = 17.3.32611.2
MinimumVisualStudioVersion = 10.0.40219.1
Project("{2150E333-8FDC-42A3-9474-1A3956D46DE8}") = "src", "src", "{1F47DEE0-496E-483F-9FE7-6A5B15730780}"
EndProject
Project("{2150E333-8FDC-42A3-9474-1A3956D46DE8}") = "Server", "Server", "{7875AC0A-C377-4133-A31D-E244AEB197E7}"
EndProject
Project("{9A19103F-16F7-4668-BE54-9A1E7A4F7556}") = "Server.Database", "src\Server\Server.Database\Server.Database.csproj", "{ADBB1A74-49CE-487D-8AEB-A98956CB9B39}"
EndProject
Project("{2150E333-8FDC-42A3-9474-1A3956D46DE8}") = "Shared", "Shared", "{7388D250-06E4-4AE9-BFC7-0892E5A1209C}"
EndProject
Project("{9A19103F-16F7-4668-BE54-9A1E7A4F7556}") = "Shared", "src\Shared\Shared\Shared.csproj", "{7B378488-3D41-4D44-A904-B9FB2429059A}"
EndProject
Project("{9A19103F-16F7-4668-BE54-9A1E7A4F7556}") = "Shared.Packets", "src\Shared\Shared.Packets\Shared.Packets.csproj", "{64F148BF-15A9-4B4A-9C3E-B5DA99640B0F}"
EndProject
Project("{9A19103F-16F7-4668-BE54-9A1E7A4F7556}") = "Server.Objects", "src\Server\Server.Objects\Server.Objects.csproj", "{60010614-5FBB-47EF-8363-D659A8C903DB}"
EndProject
Project("{2150E333-8FDC-42A3-9474-1A3956D46DE8}") = "Solution Items", "Solution Items", "{C80CF14F-9402-43E8-ACC6-E4CDBD0C4611}"
	ProjectSection(SolutionItems) = preProject
		docker-compose.yaml = docker-compose.yaml
		Dockerfile = Dockerfile
	EndProjectSection
EndProject
Project("{9A19103F-16F7-4668-BE54-9A1E7A4F7556}") = "Server.Backend", "src\Server\Server.Backend\Server.Backend.csproj", "{236F045E-9BFD-42C9-9B5C-712D9C804982}"
EndProject
Project("{2150E333-8FDC-42A3-9474-1A3956D46DE8}") = "git", "git", "{41994C80-DA1F-4455-8515-D4B74BCD4905}"
	ProjectSection(SolutionItems) = preProject
		.gitignore = .gitignore
		.gitmodules = .gitmodules
		.github\workflows\mir2-nani.yml = .github\workflows\mir2-nani.yml
	EndProjectSection
EndProject
Project("{9A19103F-16F7-4668-BE54-9A1E7A4F7556}") = "Server.Business", "src\Server\Server.Business\Server.Business.csproj", "{ACC87EEE-2D84-4371-BE1A-77BA91D1EAB3}"
EndProject
Global
	GlobalSection(SolutionConfigurationPlatforms) = preSolution
		Debug|Any CPU = Debug|Any CPU
		Dockerized|Any CPU = Dockerized|Any CPU
		Release|Any CPU = Release|Any CPU
	EndGlobalSection
	GlobalSection(ProjectConfigurationPlatforms) = postSolution
		{ADBB1A74-49CE-487D-8AEB-A98956CB9B39}.Debug|Any CPU.ActiveCfg = Debug|Any CPU
		{ADBB1A74-49CE-487D-8AEB-A98956CB9B39}.Debug|Any CPU.Build.0 = Debug|Any CPU
		{ADBB1A74-49CE-487D-8AEB-A98956CB9B39}.Dockerized|Any CPU.ActiveCfg = Dockerized|Any CPU
		{ADBB1A74-49CE-487D-8AEB-A98956CB9B39}.Dockerized|Any CPU.Build.0 = Dockerized|Any CPU
		{ADBB1A74-49CE-487D-8AEB-A98956CB9B39}.Release|Any CPU.ActiveCfg = Release|Any CPU
		{ADBB1A74-49CE-487D-8AEB-A98956CB9B39}.Release|Any CPU.Build.0 = Release|Any CPU
		{7B378488-3D41-4D44-A904-B9FB2429059A}.Debug|Any CPU.ActiveCfg = Debug|Any CPU
		{7B378488-3D41-4D44-A904-B9FB2429059A}.Debug|Any CPU.Build.0 = Debug|Any CPU
		{7B378488-3D41-4D44-A904-B9FB2429059A}.Dockerized|Any CPU.ActiveCfg = Dockerized|Any CPU
		{7B378488-3D41-4D44-A904-B9FB2429059A}.Dockerized|Any CPU.Build.0 = Dockerized|Any CPU
		{7B378488-3D41-4D44-A904-B9FB2429059A}.Release|Any CPU.ActiveCfg = Release|Any CPU
		{7B378488-3D41-4D44-A904-B9FB2429059A}.Release|Any CPU.Build.0 = Release|Any CPU
		{64F148BF-15A9-4B4A-9C3E-B5DA99640B0F}.Debug|Any CPU.ActiveCfg = Debug|Any CPU
		{64F148BF-15A9-4B4A-9C3E-B5DA99640B0F}.Debug|Any CPU.Build.0 = Debug|Any CPU
		{64F148BF-15A9-4B4A-9C3E-B5DA99640B0F}.Dockerized|Any CPU.ActiveCfg = Dockerized|Any CPU
		{64F148BF-15A9-4B4A-9C3E-B5DA99640B0F}.Dockerized|Any CPU.Build.0 = Dockerized|Any CPU
		{64F148BF-15A9-4B4A-9C3E-B5DA99640B0F}.Release|Any CPU.ActiveCfg = Release|Any CPU
		{64F148BF-15A9-4B4A-9C3E-B5DA99640B0F}.Release|Any CPU.Build.0 = Release|Any CPU
		{60010614-5FBB-47EF-8363-D659A8C903DB}.Debug|Any CPU.ActiveCfg = Debug|Any CPU
		{60010614-5FBB-47EF-8363-D659A8C903DB}.Debug|Any CPU.Build.0 = Debug|Any CPU
		{60010614-5FBB-47EF-8363-D659A8C903DB}.Dockerized|Any CPU.ActiveCfg = Dockerized|Any CPU
		{60010614-5FBB-47EF-8363-D659A8C903DB}.Dockerized|Any CPU.Build.0 = Dockerized|Any CPU
		{60010614-5FBB-47EF-8363-D659A8C903DB}.Release|Any CPU.ActiveCfg = Release|Any CPU
		{60010614-5FBB-47EF-8363-D659A8C903DB}.Release|Any CPU.Build.0 = Release|Any CPU
		{236F045E-9BFD-42C9-9B5C-712D9C804982}.Debug|Any CPU.ActiveCfg = Debug|Any CPU
		{236F045E-9BFD-42C9-9B5C-712D9C804982}.Debug|Any CPU.Build.0 = Debug|Any CPU
		{236F045E-9BFD-42C9-9B5C-712D9C804982}.Dockerized|Any CPU.ActiveCfg = Dockerized|Any CPU
		{236F045E-9BFD-42C9-9B5C-712D9C804982}.Dockerized|Any CPU.Build.0 = Dockerized|Any CPU
		{236F045E-9BFD-42C9-9B5C-712D9C804982}.Release|Any CPU.ActiveCfg = Release|Any CPU
		{236F045E-9BFD-42C9-9B5C-712D9C804982}.Release|Any CPU.Build.0 = Release|Any CPU
		{ACC87EEE-2D84-4371-BE1A-77BA91D1EAB3}.Debug|Any CPU.ActiveCfg = Debug|Any CPU
		{ACC87EEE-2D84-4371-BE1A-77BA91D1EAB3}.Debug|Any CPU.Build.0 = Debug|Any CPU
		{ACC87EEE-2D84-4371-BE1A-77BA91D1EAB3}.Dockerized|Any CPU.ActiveCfg = Debug|Any CPU
		{ACC87EEE-2D84-4371-BE1A-77BA91D1EAB3}.Dockerized|Any CPU.Build.0 = Debug|Any CPU
		{ACC87EEE-2D84-4371-BE1A-77BA91D1EAB3}.Release|Any CPU.ActiveCfg = Release|Any CPU
		{ACC87EEE-2D84-4371-BE1A-77BA91D1EAB3}.Release|Any CPU.Build.0 = Release|Any CPU
	EndGlobalSection
	GlobalSection(SolutionProperties) = preSolution
		HideSolutionNode = FALSE
	EndGlobalSection
	GlobalSection(NestedProjects) = preSolution
		{7875AC0A-C377-4133-A31D-E244AEB197E7} = {1F47DEE0-496E-483F-9FE7-6A5B15730780}
		{ADBB1A74-49CE-487D-8AEB-A98956CB9B39} = {7875AC0A-C377-4133-A31D-E244AEB197E7}
		{7388D250-06E4-4AE9-BFC7-0892E5A1209C} = {1F47DEE0-496E-483F-9FE7-6A5B15730780}
		{7B378488-3D41-4D44-A904-B9FB2429059A} = {7388D250-06E4-4AE9-BFC7-0892E5A1209C}
		{64F148BF-15A9-4B4A-9C3E-B5DA99640B0F} = {7388D250-06E4-4AE9-BFC7-0892E5A1209C}
		{60010614-5FBB-47EF-8363-D659A8C903DB} = {7875AC0A-C377-4133-A31D-E244AEB197E7}
		{236F045E-9BFD-42C9-9B5C-712D9C804982} = {7875AC0A-C377-4133-A31D-E244AEB197E7}
		{41994C80-DA1F-4455-8515-D4B74BCD4905} = {C80CF14F-9402-43E8-ACC6-E4CDBD0C4611}
		{ACC87EEE-2D84-4371-BE1A-77BA91D1EAB3} = {7875AC0A-C377-4133-A31D-E244AEB197E7}
	EndGlobalSection
	GlobalSection(ExtensibilityGlobals) = postSolution
		SolutionGuid = {92FEF176-BCFA-41A5-A682-BDD203EADC8D}
	EndGlobalSection
EndGlobal
